
Microsoft Visual Studio Solution File, Format Version 12.00
# Visual Studio 15
VisualStudioVersion = 15.0.28307.438
MinimumVisualStudioVersion = 10.0.40219.1
Project("{9A19103F-16F7-4668-BE54-9A1E7A4F7556}") = "Catalogue.XmlSerializer", "Catalogue.XmlSerializer\Catalogue.XmlSerializer.csproj", "{2E5F071B-2F5C-4DED-8A62-4CCF9EC4C8C9}"
EndProject
Project("{9A19103F-16F7-4668-BE54-9A1E7A4F7556}") = "Catalogue.XmlSerializer.Tests", "Catalogue.XmlSerializer.Tests\Catalogue.XmlSerializer.Tests.csproj", "{5E3AF2B3-CF54-4A1F-AF48-6C6AF5F19847}"
EndProject
Global
	GlobalSection(SolutionConfigurationPlatforms) = preSolution
		Debug|Any CPU = Debug|Any CPU
		Release|Any CPU = Release|Any CPU
	EndGlobalSection
	GlobalSection(ProjectConfigurationPlatforms) = postSolution
		{2E5F071B-2F5C-4DED-8A62-4CCF9EC4C8C9}.Debug|Any CPU.ActiveCfg = Debug|Any CPU
		{2E5F071B-2F5C-4DED-8A62-4CCF9EC4C8C9}.Debug|Any CPU.Build.0 = Debug|Any CPU
		{2E5F071B-2F5C-4DED-8A62-4CCF9EC4C8C9}.Release|Any CPU.ActiveCfg = Release|Any CPU
		{2E5F071B-2F5C-4DED-8A62-4CCF9EC4C8C9}.Release|Any CPU.Build.0 = Release|Any CPU
		{5E3AF2B3-CF54-4A1F-AF48-6C6AF5F19847}.Debug|Any CPU.ActiveCfg = Debug|Any CPU
		{5E3AF2B3-CF54-4A1F-AF48-6C6AF5F19847}.Debug|Any CPU.Build.0 = Debug|Any CPU
		{5E3AF2B3-CF54-4A1F-AF48-6C6AF5F19847}.Release|Any CPU.ActiveCfg = Release|Any CPU
		{5E3AF2B3-CF54-4A1F-AF48-6C6AF5F19847}.Release|Any CPU.Build.0 = Release|Any CPU
	EndGlobalSection
	GlobalSection(SolutionProperties) = preSolution
		HideSolutionNode = FALSE
	EndGlobalSection
	GlobalSection(ExtensibilityGlobals) = postSolution
		SolutionGuid = {0F5263E4-15B5-4004-80BE-749AF662C2AA}
	EndGlobalSection
EndGlobal
